
Microsoft Visual Studio Solution File, Format Version 12.00
# Visual Studio Version 16
VisualStudioVersion = 16.0.29306.81
MinimumVisualStudioVersion = 10.0.40219.1
Project("{FAE04EC0-301F-11D3-BF4B-00C04F79EFBC}") = "Try-Catch01", "Try-Catch01\Try-Catch01.csproj", "{1DC3EF32-59CB-442D-AA68-DFC450BF307D}"
EndProject
Global
	GlobalSection(SolutionConfigurationPlatforms) = preSolution
		Debug|Any CPU = Debug|Any CPU
		Release|Any CPU = Release|Any CPU
	EndGlobalSection
	GlobalSection(ProjectConfigurationPlatforms) = postSolution
		{1DC3EF32-59CB-442D-AA68-DFC450BF307D}.Debug|Any CPU.ActiveCfg = Debug|Any CPU
		{1DC3EF32-59CB-442D-AA68-DFC450BF307D}.Debug|Any CPU.Build.0 = Debug|Any CPU
		{1DC3EF32-59CB-442D-AA68-DFC450BF307D}.Release|Any CPU.ActiveCfg = Release|Any CPU
		{1DC3EF32-59CB-442D-AA68-DFC450BF307D}.Release|Any CPU.Build.0 = Release|Any CPU
	EndGlobalSection
	GlobalSection(SolutionProperties) = preSolution
		HideSolutionNode = FALSE
	EndGlobalSection
	GlobalSection(ExtensibilityGlobals) = postSolution
		SolutionGuid = {BCB86B32-F93C-49CE-8011-6F53A3C0A1EA}
	EndGlobalSection
EndGlobal
